
Microsoft Visual Studio Solution File, Format Version 12.00
# Visual Studio Version 16
VisualStudioVersion = 16.0.31205.134
MinimumVisualStudioVersion = 10.0.40219.1
Project("{FAE04EC0-301F-11D3-BF4B-00C04F79EFBC}") = "ProyectoFinalCsharp", "ProyectoFinalCsharp\ProyectoFinalCsharp.csproj", "{CCB20134-BDCB-4AEB-81A2-5E6702F62E12}"
EndProject
Global
	GlobalSection(SolutionConfigurationPlatforms) = preSolution
		Debug|Any CPU = Debug|Any CPU
		Release|Any CPU = Release|Any CPU
	EndGlobalSection
	GlobalSection(ProjectConfigurationPlatforms) = postSolution
		{CCB20134-BDCB-4AEB-81A2-5E6702F62E12}.Debug|Any CPU.ActiveCfg = Debug|Any CPU
		{CCB20134-BDCB-4AEB-81A2-5E6702F62E12}.Debug|Any CPU.Build.0 = Debug|Any CPU
		{CCB20134-BDCB-4AEB-81A2-5E6702F62E12}.Release|Any CPU.ActiveCfg = Release|Any CPU
		{CCB20134-BDCB-4AEB-81A2-5E6702F62E12}.Release|Any CPU.Build.0 = Release|Any CPU
	EndGlobalSection
	GlobalSection(SolutionProperties) = preSolution
		HideSolutionNode = FALSE
	EndGlobalSection
	GlobalSection(ExtensibilityGlobals) = postSolution
		SolutionGuid = {EEB125BB-20F7-43A9-8BEA-6436D78B211E}
	EndGlobalSection
EndGlobal
